
Microsoft Visual Studio Solution File, Format Version 12.00
# Visual Studio 15
VisualStudioVersion = 15.0.26124.0
MinimumVisualStudioVersion = 15.0.26124.0
Project("{FAE04EC0-301F-11D3-BF4B-00C04F79EFBC}") = "MQTT.Demo", "MQTT.Demo\MQTT.Demo.csproj", "{2BFEEFCF-DD16-44F2-AC3E-8FCD4BBD4EC7}"
EndProject
Project("{FAE04EC0-301F-11D3-BF4B-00C04F79EFBC}") = "MQTT.Demo.Core", "MQTT.Demo.Core\MQTT.Demo.Core.csproj", "{C7AF4179-4EB2-4BDD-A262-775CDB7E17D9}"
EndProject
Global
	GlobalSection(SolutionConfigurationPlatforms) = preSolution
		Debug|Any CPU = Debug|Any CPU
		Debug|x64 = Debug|x64
		Debug|x86 = Debug|x86
		Release|Any CPU = Release|Any CPU
		Release|x64 = Release|x64
		Release|x86 = Release|x86
	EndGlobalSection
	GlobalSection(SolutionProperties) = preSolution
		HideSolutionNode = FALSE
	EndGlobalSection
	GlobalSection(ProjectConfigurationPlatforms) = postSolution
		{2BFEEFCF-DD16-44F2-AC3E-8FCD4BBD4EC7}.Debug|Any CPU.ActiveCfg = Debug|Any CPU
		{2BFEEFCF-DD16-44F2-AC3E-8FCD4BBD4EC7}.Debug|Any CPU.Build.0 = Debug|Any CPU
		{2BFEEFCF-DD16-44F2-AC3E-8FCD4BBD4EC7}.Debug|x64.ActiveCfg = Debug|Any CPU
		{2BFEEFCF-DD16-44F2-AC3E-8FCD4BBD4EC7}.Debug|x64.Build.0 = Debug|Any CPU
		{2BFEEFCF-DD16-44F2-AC3E-8FCD4BBD4EC7}.Debug|x86.ActiveCfg = Debug|Any CPU
		{2BFEEFCF-DD16-44F2-AC3E-8FCD4BBD4EC7}.Debug|x86.Build.0 = Debug|Any CPU
		{2BFEEFCF-DD16-44F2-AC3E-8FCD4BBD4EC7}.Release|Any CPU.ActiveCfg = Release|Any CPU
		{2BFEEFCF-DD16-44F2-AC3E-8FCD4BBD4EC7}.Release|Any CPU.Build.0 = Release|Any CPU
		{2BFEEFCF-DD16-44F2-AC3E-8FCD4BBD4EC7}.Release|x64.ActiveCfg = Release|Any CPU
		{2BFEEFCF-DD16-44F2-AC3E-8FCD4BBD4EC7}.Release|x64.Build.0 = Release|Any CPU
		{2BFEEFCF-DD16-44F2-AC3E-8FCD4BBD4EC7}.Release|x86.ActiveCfg = Release|Any CPU
		{2BFEEFCF-DD16-44F2-AC3E-8FCD4BBD4EC7}.Release|x86.Build.0 = Release|Any CPU
		{C7AF4179-4EB2-4BDD-A262-775CDB7E17D9}.Debug|Any CPU.ActiveCfg = Debug|Any CPU
		{C7AF4179-4EB2-4BDD-A262-775CDB7E17D9}.Debug|Any CPU.Build.0 = Debug|Any CPU
		{C7AF4179-4EB2-4BDD-A262-775CDB7E17D9}.Debug|x64.ActiveCfg = Debug|Any CPU
		{C7AF4179-4EB2-4BDD-A262-775CDB7E17D9}.Debug|x64.Build.0 = Debug|Any CPU
		{C7AF4179-4EB2-4BDD-A262-775CDB7E17D9}.Debug|x86.ActiveCfg = Debug|Any CPU
		{C7AF4179-4EB2-4BDD-A262-775CDB7E17D9}.Debug|x86.Build.0 = Debug|Any CPU
		{C7AF4179-4EB2-4BDD-A262-775CDB7E17D9}.Release|Any CPU.ActiveCfg = Release|Any CPU
		{C7AF4179-4EB2-4BDD-A262-775CDB7E17D9}.Release|Any CPU.Build.0 = Release|Any CPU
		{C7AF4179-4EB2-4BDD-A262-775CDB7E17D9}.Release|x64.ActiveCfg = Release|Any CPU
		{C7AF4179-4EB2-4BDD-A262-775CDB7E17D9}.Release|x64.Build.0 = Release|Any CPU
		{C7AF4179-4EB2-4BDD-A262-775CDB7E17D9}.Release|x86.ActiveCfg = Release|Any CPU
		{C7AF4179-4EB2-4BDD-A262-775CDB7E17D9}.Release|x86.Build.0 = Release|Any CPU
	EndGlobalSection
EndGlobal
